// !$*UTF8*$!
{
	archiveVersion = 1;
	classes = {
	};
	objectVersion = 46;
	objects = {

/* Begin PBXBuildFile section */
		4BCB87F31B4688CC002733FD /* PackerViewController.m in Sources */ = {isa = PBXBuildFile; fileRef = 4BCB87F21B4688CC002733FD /* PackerViewController.m */; };
		4BD816A41B46AE5900736E30 /* AVFoundation.framework in Frameworks */ = {isa = PBXBuildFile; fileRef = 4BD816A31B46AE5900736E30 /* AVFoundation.framework */; };
		4BD816A71B46AEA300736E30 /* ItemScanViewController.m in Sources */ = {isa = PBXBuildFile; fileRef = 4BD816A61B46AEA300736E30 /* ItemScanViewController.m */; };
		4BF2FA971B4664B500AA5D28 /* main.m in Sources */ = {isa = PBXBuildFile; fileRef = 4BF2FA961B4664B500AA5D28 /* main.m */; };
		4BF2FA9A1B4664B500AA5D28 /* AppDelegate.m in Sources */ = {isa = PBXBuildFile; fileRef = 4BF2FA991B4664B500AA5D28 /* AppDelegate.m */; };
		4BF2FA9D1B4664B500AA5D28 /* ViewController.m in Sources */ = {isa = PBXBuildFile; fileRef = 4BF2FA9C1B4664B500AA5D28 /* ViewController.m */; };
		4BF2FAA01B4664B500AA5D28 /* Main.storyboard in Resources */ = {isa = PBXBuildFile; fileRef = 4BF2FA9E1B4664B500AA5D28 /* Main.storyboard */; };
		4BF2FAA21B4664B500AA5D28 /* Images.xcassets in Resources */ = {isa = PBXBuildFile; fileRef = 4BF2FAA11B4664B500AA5D28 /* Images.xcassets */; };
		4BF2FAA51B4664B500AA5D28 /* LaunchScreen.xib in Resources */ = {isa = PBXBuildFile; fileRef = 4BF2FAA31B4664B500AA5D28 /* LaunchScreen.xib */; };
		4BF2FAB11B4664B600AA5D28 /* Tachikoma_AppTests.m in Sources */ = {isa = PBXBuildFile; fileRef = 4BF2FAB01B4664B600AA5D28 /* Tachikoma_AppTests.m */; };
		4BF2FABC1B46656C00AA5D28 /* DockSettingViewController.m in Sources */ = {isa = PBXBuildFile; fileRef = 4BF2FABB1B46656C00AA5D28 /* DockSettingViewController.m */; };
		4BF2FABF1B46661100AA5D28 /* ContainerScanViewController.m in Sources */ = {isa = PBXBuildFile; fileRef = 4BF2FABE1B46661100AA5D28 /* ContainerScanViewController.m */; };
/* End PBXBuildFile section */

/* Begin PBXContainerItemProxy section */
		4BF2FAAB1B4664B600AA5D28 /* PBXContainerItemProxy */ = {
			isa = PBXContainerItemProxy;
			containerPortal = 4BF2FA891B4664B500AA5D28 /* Project object */;
			proxyType = 1;
			remoteGlobalIDString = 4BF2FA901B4664B500AA5D28;
			remoteInfo = "Tachikoma App";
		};
/* End PBXContainerItemProxy section */

/* Begin PBXFileReference section */
		4BCB87F11B4688CB002733FD /* PackerViewController.h */ = {isa = PBXFileReference; fileEncoding = 4; lastKnownFileType = sourcecode.c.h; path = PackerViewController.h; sourceTree = "<group>"; };
		4BCB87F21B4688CC002733FD /* PackerViewController.m */ = {isa = PBXFileReference; fileEncoding = 4; lastKnownFileType = sourcecode.c.objc; path = PackerViewController.m; sourceTree = "<group>"; };
		4BD816A31B46AE5900736E30 /* AVFoundation.framework */ = {isa = PBXFileReference; lastKnownFileType = wrapper.framework; name = AVFoundation.framework; path = System/Library/Frameworks/AVFoundation.framework; sourceTree = SDKROOT; };
		4BD816A51B46AEA300736E30 /* ItemScanViewController.h */ = {isa = PBXFileReference; fileEncoding = 4; lastKnownFileType = sourcecode.c.h; path = ItemScanViewController.h; sourceTree = "<group>"; };
		4BD816A61B46AEA300736E30 /* ItemScanViewController.m */ = {isa = PBXFileReference; fileEncoding = 4; lastKnownFileType = sourcecode.c.objc; path = ItemScanViewController.m; sourceTree = "<group>"; };
		4BF2FA911B4664B500AA5D28 /* Tachikoma App.app */ = {isa = PBXFileReference; explicitFileType = wrapper.application; includeInIndex = 0; path = "Tachikoma App.app"; sourceTree = BUILT_PRODUCTS_DIR; };
		4BF2FA951B4664B500AA5D28 /* Info.plist */ = {isa = PBXFileReference; lastKnownFileType = text.plist.xml; path = Info.plist; sourceTree = "<group>"; };
		4BF2FA961B4664B500AA5D28 /* main.m */ = {isa = PBXFileReference; lastKnownFileType = sourcecode.c.objc; path = main.m; sourceTree = "<group>"; };
		4BF2FA981B4664B500AA5D28 /* AppDelegate.h */ = {isa = PBXFileReference; lastKnownFileType = sourcecode.c.h; path = AppDelegate.h; sourceTree = "<group>"; };
		4BF2FA991B4664B500AA5D28 /* AppDelegate.m */ = {isa = PBXFileReference; lastKnownFileType = sourcecode.c.objc; path = AppDelegate.m; sourceTree = "<group>"; };
		4BF2FA9B1B4664B500AA5D28 /* ViewController.h */ = {isa = PBXFileReference; lastKnownFileType = sourcecode.c.h; path = ViewController.h; sourceTree = "<group>"; };
		4BF2FA9C1B4664B500AA5D28 /* ViewController.m */ = {isa = PBXFileReference; lastKnownFileType = sourcecode.c.objc; path = ViewController.m; sourceTree = "<group>"; };
		4BF2FA9F1B4664B500AA5D28 /* Base */ = {isa = PBXFileReference; lastKnownFileType = file.storyboard; name = Base; path = Base.lproj/Main.storyboard; sourceTree = "<group>"; };
		4BF2FAA11B4664B500AA5D28 /* Images.xcassets */ = {isa = PBXFileReference; lastKnownFileType = folder.assetcatalog; path = Images.xcassets; sourceTree = "<group>"; };
		4BF2FAA41B4664B500AA5D28 /* Base */ = {isa = PBXFileReference; lastKnownFileType = file.xib; name = Base; path = Base.lproj/LaunchScreen.xib; sourceTree = "<group>"; };
		4BF2FAAA1B4664B600AA5D28 /* Tachikoma AppTests.xctest */ = {isa = PBXFileReference; explicitFileType = wrapper.cfbundle; includeInIndex = 0; path = "Tachikoma AppTests.xctest"; sourceTree = BUILT_PRODUCTS_DIR; };
		4BF2FAAF1B4664B600AA5D28 /* Info.plist */ = {isa = PBXFileReference; lastKnownFileType = text.plist.xml; path = Info.plist; sourceTree = "<group>"; };
		4BF2FAB01B4664B600AA5D28 /* Tachikoma_AppTests.m */ = {isa = PBXFileReference; lastKnownFileType = sourcecode.c.objc; path = Tachikoma_AppTests.m; sourceTree = "<group>"; };
		4BF2FABA1B46656C00AA5D28 /* DockSettingViewController.h */ = {isa = PBXFileReference; fileEncoding = 4; lastKnownFileType = sourcecode.c.h; path = DockSettingViewController.h; sourceTree = "<group>"; };
		4BF2FABB1B46656C00AA5D28 /* DockSettingViewController.m */ = {isa = PBXFileReference; fileEncoding = 4; lastKnownFileType = sourcecode.c.objc; path = DockSettingViewController.m; sourceTree = "<group>"; };
		4BF2FABD1B46661100AA5D28 /* ContainerScanViewController.h */ = {isa = PBXFileReference; fileEncoding = 4; lastKnownFileType = sourcecode.c.h; path = ContainerScanViewController.h; sourceTree = "<group>"; };
		4BF2FABE1B46661100AA5D28 /* ContainerScanViewController.m */ = {isa = PBXFileReference; fileEncoding = 4; lastKnownFileType = sourcecode.c.objc; path = ContainerScanViewController.m; sourceTree = "<group>"; };
/* End PBXFileReference section */

/* Begin PBXFrameworksBuildPhase section */
		4BF2FA8E1B4664B500AA5D28 /* Frameworks */ = {
			isa = PBXFrameworksBuildPhase;
			buildActionMask = 2147483647;
			files = (
				4BD816A41B46AE5900736E30 /* AVFoundation.framework in Frameworks */,
			);
			runOnlyForDeploymentPostprocessing = 0;
		};
		4BF2FAA71B4664B600AA5D28 /* Frameworks */ = {
			isa = PBXFrameworksBuildPhase;
			buildActionMask = 2147483647;
			files = (
			);
			runOnlyForDeploymentPostprocessing = 0;
		};
/* End PBXFrameworksBuildPhase section */

/* Begin PBXGroup section */
		4BF2FA881B4664B500AA5D28 = {
			isa = PBXGroup;
			children = (
				4BD816A31B46AE5900736E30 /* AVFoundation.framework */,
				4BF2FA931B4664B500AA5D28 /* Tachikoma App */,
				4BF2FAAD1B4664B600AA5D28 /* Tachikoma AppTests */,
				4BF2FA921B4664B500AA5D28 /* Products */,
			);
			sourceTree = "<group>";
		};
		4BF2FA921B4664B500AA5D28 /* Products */ = {
			isa = PBXGroup;
			children = (
				4BF2FA911B4664B500AA5D28 /* Tachikoma App.app */,
				4BF2FAAA1B4664B600AA5D28 /* Tachikoma AppTests.xctest */,
			);
			name = Products;
			sourceTree = "<group>";
		};
		4BF2FA931B4664B500AA5D28 /* Tachikoma App */ = {
			isa = PBXGroup;
			children = (
				4BF2FA981B4664B500AA5D28 /* AppDelegate.h */,
				4BF2FA991B4664B500AA5D28 /* AppDelegate.m */,
				4BF2FA9B1B4664B500AA5D28 /* ViewController.h */,
				4BF2FA9C1B4664B500AA5D28 /* ViewController.m */,
				4BF2FA9E1B4664B500AA5D28 /* Main.storyboard */,
				4BD816A51B46AEA300736E30 /* ItemScanViewController.h */,
				4BD816A61B46AEA300736E30 /* ItemScanViewController.m */,
				4BCB87F11B4688CB002733FD /* PackerViewController.h */,
				4BCB87F21B4688CC002733FD /* PackerViewController.m */,
				4BF2FABD1B46661100AA5D28 /* ContainerScanViewController.h */,
				4BF2FABE1B46661100AA5D28 /* ContainerScanViewController.m */,
				4BF2FABA1B46656C00AA5D28 /* DockSettingViewController.h */,
				4BF2FABB1B46656C00AA5D28 /* DockSettingViewController.m */,
				4BF2FAA11B4664B500AA5D28 /* Images.xcassets */,
				4BF2FAA31B4664B500AA5D28 /* LaunchScreen.xib */,
				4BF2FA941B4664B500AA5D28 /* Supporting Files */,
			);
			path = "Tachikoma App";
			sourceTree = "<group>";
		};
		4BF2FA941B4664B500AA5D28 /* Supporting Files */ = {
			isa = PBXGroup;
			children = (
				4BF2FA951B4664B500AA5D28 /* Info.plist */,
				4BF2FA961B4664B500AA5D28 /* main.m */,
			);
			name = "Supporting Files";
			sourceTree = "<group>";
		};
		4BF2FAAD1B4664B600AA5D28 /* Tachikoma AppTests */ = {
			isa = PBXGroup;
			children = (
				4BF2FAB01B4664B600AA5D28 /* Tachikoma_AppTests.m */,
				4BF2FAAE1B4664B600AA5D28 /* Supporting Files */,
			);
			path = "Tachikoma AppTests";
			sourceTree = "<group>";
		};
		4BF2FAAE1B4664B600AA5D28 /* Supporting Files */ = {
			isa = PBXGroup;
			children = (
				4BF2FAAF1B4664B600AA5D28 /* Info.plist */,
			);
			name = "Supporting Files";
			sourceTree = "<group>";
		};
/* End PBXGroup section */

/* Begin PBXNativeTarget section */
		4BF2FA901B4664B500AA5D28 /* Tachikoma App */ = {
			isa = PBXNativeTarget;
			buildConfigurationList = 4BF2FAB41B4664B600AA5D28 /* Build configuration list for PBXNativeTarget "Tachikoma App" */;
			buildPhases = (
				4BF2FA8D1B4664B500AA5D28 /* Sources */,
				4BF2FA8E1B4664B500AA5D28 /* Frameworks */,
				4BF2FA8F1B4664B500AA5D28 /* Resources */,
			);
			buildRules = (
			);
			dependencies = (
			);
			name = "Tachikoma App";
			productName = "Tachikoma App";
			productReference = 4BF2FA911B4664B500AA5D28 /* Tachikoma App.app */;
			productType = "com.apple.product-type.application";
		};
		4BF2FAA91B4664B600AA5D28 /* Tachikoma AppTests */ = {
			isa = PBXNativeTarget;
			buildConfigurationList = 4BF2FAB71B4664B600AA5D28 /* Build configuration list for PBXNativeTarget "Tachikoma AppTests" */;
			buildPhases = (
				4BF2FAA61B4664B600AA5D28 /* Sources */,
				4BF2FAA71B4664B600AA5D28 /* Frameworks */,
				4BF2FAA81B4664B600AA5D28 /* Resources */,
			);
			buildRules = (
			);
			dependencies = (
				4BF2FAAC1B4664B600AA5D28 /* PBXTargetDependency */,
			);
			name = "Tachikoma AppTests";
			productName = "Tachikoma AppTests";
			productReference = 4BF2FAAA1B4664B600AA5D28 /* Tachikoma AppTests.xctest */;
			productType = "com.apple.product-type.bundle.unit-test";
		};
/* End PBXNativeTarget section */

/* Begin PBXProject section */
		4BF2FA891B4664B500AA5D28 /* Project object */ = {
			isa = PBXProject;
			attributes = {
				LastUpgradeCheck = 0630;
				ORGANIZATIONNAME = YuKejun;
				TargetAttributes = {
					4BF2FA901B4664B500AA5D28 = {
						CreatedOnToolsVersion = 6.3.2;
						DevelopmentTeam = ST4C3C363P;
					};
					4BF2FAA91B4664B600AA5D28 = {
						CreatedOnToolsVersion = 6.3.2;
						TestTargetID = 4BF2FA901B4664B500AA5D28;
					};
				};
			};
			buildConfigurationList = 4BF2FA8C1B4664B500AA5D28 /* Build configuration list for PBXProject "Tachikoma App" */;
			compatibilityVersion = "Xcode 3.2";
			developmentRegion = English;
			hasScannedForEncodings = 0;
			knownRegions = (
				en,
				Base,
			);
			mainGroup = 4BF2FA881B4664B500AA5D28;
			productRefGroup = 4BF2FA921B4664B500AA5D28 /* Products */;
			projectDirPath = "";
			projectRoot = "";
			targets = (
				4BF2FA901B4664B500AA5D28 /* Tachikoma App */,
				4BF2FAA91B4664B600AA5D28 /* Tachikoma AppTests */,
			);
		};
/* End PBXProject section */

/* Begin PBXResourcesBuildPhase section */
		4BF2FA8F1B4664B500AA5D28 /* Resources */ = {
			isa = PBXResourcesBuildPhase;
			buildActionMask = 2147483647;
			files = (
				4BF2FAA01B4664B500AA5D28 /* Main.storyboard in Resources */,
				4BF2FAA51B4664B500AA5D28 /* LaunchScreen.xib in Resources */,
				4BF2FAA21B4664B500AA5D28 /* Images.xcassets in Resources */,
			);
			runOnlyForDeploymentPostprocessing = 0;
		};
		4BF2FAA81B4664B600AA5D28 /* Resources */ = {
			isa = PBXResourcesBuildPhase;
			buildActionMask = 2147483647;
			files = (
			);
			runOnlyForDeploymentPostprocessing = 0;
		};
/* End PBXResourcesBuildPhase section */

/* Begin PBXSourcesBuildPhase section */
		4BF2FA8D1B4664B500AA5D28 /* Sources */ = {
			isa = PBXSourcesBuildPhase;
			buildActionMask = 2147483647;
			files = (
				4BF2FABC1B46656C00AA5D28 /* DockSettingViewController.m in Sources */,
				4BF2FA9D1B4664B500AA5D28 /* ViewController.m in Sources */,
				4BD816A71B46AEA300736E30 /* ItemScanViewController.m in Sources */,
				4BCB87F31B4688CC002733FD /* PackerViewController.m in Sources */,
				4BF2FA9A1B4664B500AA5D28 /* AppDelegate.m in Sources */,
				4BF2FABF1B46661100AA5D28 /* ContainerScanViewController.m in Sources */,
				4BF2FA971B4664B500AA5D28 /* main.m in Sources */,
			);
			runOnlyForDeploymentPostprocessing = 0;
		};
		4BF2FAA61B4664B600AA5D28 /* Sources */ = {
			isa = PBXSourcesBuildPhase;
			buildActionMask = 2147483647;
			files = (
				4BF2FAB11B4664B600AA5D28 /* Tachikoma_AppTests.m in Sources */,
			);
			runOnlyForDeploymentPostprocessing = 0;
		};
/* End PBXSourcesBuildPhase section */

/* Begin PBXTargetDependency section */
		4BF2FAAC1B4664B600AA5D28 /* PBXTargetDependency */ = {
			isa = PBXTargetDependency;
			target = 4BF2FA901B4664B500AA5D28 /* Tachikoma App */;
			targetProxy = 4BF2FAAB1B4664B600AA5D28 /* PBXContainerItemProxy */;
		};
/* End PBXTargetDependency section */

/* Begin PBXVariantGroup section */
		4BF2FA9E1B4664B500AA5D28 /* Main.storyboard */ = {
			isa = PBXVariantGroup;
			children = (
				4BF2FA9F1B4664B500AA5D28 /* Base */,
			);
			name = Main.storyboard;
			sourceTree = "<group>";
		};
		4BF2FAA31B4664B500AA5D28 /* LaunchScreen.xib */ = {
			isa = PBXVariantGroup;
			children = (
				4BF2FAA41B4664B500AA5D28 /* Base */,
			);
			name = LaunchScreen.xib;
			sourceTree = "<group>";
		};
/* End PBXVariantGroup section */

/* Begin XCBuildConfiguration section */
		4BF2FAB21B4664B600AA5D28 /* Debug */ = {
			isa = XCBuildConfiguration;
			buildSettings = {
				ALWAYS_SEARCH_USER_PATHS = NO;
				CLANG_CXX_LANGUAGE_STANDARD = "gnu++0x";
				CLANG_CXX_LIBRARY = "libc++";
				CLANG_ENABLE_MODULES = YES;
				CLANG_ENABLE_OBJC_ARC = YES;
				CLANG_WARN_BOOL_CONVERSION = YES;
				CLANG_WARN_CONSTANT_CONVERSION = YES;
				CLANG_WARN_DIRECT_OBJC_ISA_USAGE = YES_ERROR;
				CLANG_WARN_EMPTY_BODY = YES;
				CLANG_WARN_ENUM_CONVERSION = YES;
				CLANG_WARN_INT_CONVERSION = YES;
				CLANG_WARN_OBJC_ROOT_CLASS = YES_ERROR;
				CLANG_WARN_UNREACHABLE_CODE = YES;
				CLANG_WARN__DUPLICATE_METHOD_MATCH = YES;
				"CODE_SIGN_IDENTITY[sdk=iphoneos*]" = "iPhone Developer";
				COPY_PHASE_STRIP = NO;
				DEBUG_INFORMATION_FORMAT = "dwarf-with-dsym";
				ENABLE_STRICT_OBJC_MSGSEND = YES;
				GCC_C_LANGUAGE_STANDARD = gnu99;
				GCC_DYNAMIC_NO_PIC = NO;
				GCC_NO_COMMON_BLOCKS = YES;
				GCC_OPTIMIZATION_LEVEL = 0;
				GCC_PREPROCESSOR_DEFINITIONS = (
					"DEBUG=1",
					"$(inherited)",
				);
				GCC_SYMBOLS_PRIVATE_EXTERN = NO;
				GCC_WARN_64_TO_32_BIT_CONVERSION = YES;
				GCC_WARN_ABOUT_RETURN_TYPE = YES_ERROR;
				GCC_WARN_UNDECLARED_SELECTOR = YES;
				GCC_WARN_UNINITIALIZED_AUTOS = YES_AGGRESSIVE;
				GCC_WARN_UNUSED_FUNCTION = YES;
				GCC_WARN_UNUSED_VARIABLE = YES;
				IPHONEOS_DEPLOYMENT_TARGET = 8.3;
				MTL_ENABLE_DEBUG_INFO = YES;
				ONLY_ACTIVE_ARCH = YES;
				SDKROOT = iphoneos;
			};
			name = Debug;
		};
		4BF2FAB31B4664B600AA5D28 /* Release */ = {
			isa = XCBuildConfiguration;
			buildSettings = {
				ALWAYS_SEARCH_USER_PATHS = NO;
				CLANG_CXX_LANGUAGE_STANDARD = "gnu++0x";
				CLANG_CXX_LIBRARY = "libc++";
				CLANG_ENABLE_MODULES = YES;
				CLANG_ENABLE_OBJC_ARC = YES;
				CLANG_WARN_BOOL_CONVERSION = YES;
				CLANG_WARN_CONSTANT_CONVERSION = YES;
				CLANG_WARN_DIRECT_OBJC_ISA_USAGE = YES_ERROR;
				CLANG_WARN_EMPTY_BODY = YES;
				CLANG_WARN_ENUM_CONVERSION = YES;
				CLANG_WARN_INT_CONVERSION = YES;
				CLANG_WARN_OBJC_ROOT_CLASS = YES_ERROR;
				CLANG_WARN_UNREACHABLE_CODE = YES;
				CLANG_WARN__DUPLICATE_METHOD_MATCH = YES;
				"CODE_SIGN_IDENTITY[sdk=iphoneos*]" = "iPhone Developer";
				COPY_PHASE_STRIP = NO;
				DEBUG_INFORMATION_FORMAT = "dwarf-with-dsym";
				ENABLE_NS_ASSERTIONS = NO;
				ENABLE_STRICT_OBJC_MSGSEND = YES;
				GCC_C_LANGUAGE_STANDARD = gnu99;
				GCC_NO_COMMON_BLOCKS = YES;
				GCC_WARN_64_TO_32_BIT_CONVERSION = YES;
				GCC_WARN_ABOUT_RETURN_TYPE = YES_ERROR;
				GCC_WARN_UNDECLARED_SELECTOR = YES;
				GCC_WARN_UNINITIALIZED_AUTOS = YES_AGGRESSIVE;
				GCC_WARN_UNUSED_FUNCTION = YES;
				GCC_WARN_UNUSED_VARIABLE = YES;
				IPHONEOS_DEPLOYMENT_TARGET = 8.3;
				MTL_ENABLE_DEBUG_INFO = NO;
				SDKROOT = iphoneos;
				VALIDATE_PRODUCT = YES;
			};
			name = Release;
		};
		4BF2FAB51B4664B600AA5D28 /* Debug */ = {
			isa = XCBuildConfiguration;
			buildSettings = {
				ASSETCATALOG_COMPILER_APPICON_NAME = AppIcon;
				CODE_SIGN_IDENTITY = "iPhone Developer";
				INFOPLIST_FILE = "Tachikoma App/Info.plist";
				IPHONEOS_DEPLOYMENT_TARGET = 7.0;
				LD_RUNPATH_SEARCH_PATHS = "$(inherited) @executable_path/Frameworks";
				PRODUCT_NAME = "$(TARGET_NAME)";
			};
			name = Debug;
		};
		4BF2FAB61B4664B600AA5D28 /* Release */ = {
			isa = XCBuildConfiguration;
			buildSettings = {
				ASSETCATALOG_COMPILER_APPICON_NAME = AppIcon;
				CODE_SIGN_IDENTITY = "iPhone Developer";
				INFOPLIST_FILE = "Tachikoma App/Info.plist";
				IPHONEOS_DEPLOYMENT_TARGET = 7.0;
				LD_RUNPATH_SEARCH_PATHS = "$(inherited) @executable_path/Frameworks";
				PRODUCT_NAME = "$(TARGET_NAME)";
			};
			name = Release;
		};
		4BF2FAB81B4664B600AA5D28 /* Debug */ = {
			isa = XCBuildConfiguration;
			buildSettings = {
				BUNDLE_LOADER = "$(TEST_HOST)";
				FRAMEWORK_SEARCH_PATHS = (
					"$(SDKROOT)/Developer/Library/Frameworks",
					"$(inherited)",
				);
				GCC_PREPROCESSOR_DEFINITIONS = (
					"DEBUG=1",
					"$(inherited)",
				);
				INFOPLIST_FILE = "Tachikoma AppTests/Info.plist";
				LD_RUNPATH_SEARCH_PATHS = "$(inherited) @executable_path/Frameworks @loader_path/Frameworks";
				PRODUCT_NAME = "$(TARGET_NAME)";
				TEST_HOST = "$(BUILT_PRODUCTS_DIR)/Tachikoma App.app/Tachikoma App";
			};
			name = Debug;
		};
		4BF2FAB91B4664B600AA5D28 /* Release */ = {
			isa = XCBuildConfiguration;
			buildSettings = {
				BUNDLE_LOADER = "$(TEST_HOST)";
				FRAMEWORK_SEARCH_PATHS = (
					"$(SDKROOT)/Developer/Library/Frameworks",
					"$(inherited)",
				);
				INFOPLIST_FILE = "Tachikoma AppTests/Info.plist";
				LD_RUNPATH_SEARCH_PATHS = "$(inherited) @executable_path/Frameworks @loader_path/Frameworks";
				PRODUCT_NAME = "$(TARGET_NAME)";
				TEST_HOST = "$(BUILT_PRODUCTS_DIR)/Tachikoma App.app/Tachikoma App";
			};
			name = Release;
		};
/* End XCBuildConfiguration section */

/* Begin XCConfigurationList section */
		4BF2FA8C1B4664B500AA5D28 /* Build configuration list for PBXProject "Tachikoma App" */ = {
			isa = XCConfigurationList;
			buildConfigurations = (
				4BF2FAB21B4664B600AA5D28 /* Debug */,
				4BF2FAB31B4664B600AA5D28 /* Release */,
			);
			defaultConfigurationIsVisible = 0;
			defaultConfigurationName = Release;
		};
		4BF2FAB41B4664B600AA5D28 /* Build configuration list for PBXNativeTarget "Tachikoma App" */ = {
			isa = XCConfigurationList;
			buildConfigurations = (
				4BF2FAB51B4664B600AA5D28 /* Debug */,
				4BF2FAB61B4664B600AA5D28 /* Release */,
			);
			defaultConfigurationIsVisible = 0;
			defaultConfigurationName = Release;
		};
		4BF2FAB71B4664B600AA5D28 /* Build configuration list for PBXNativeTarget "Tachikoma AppTests" */ = {
			isa = XCConfigurationList;
			buildConfigurations = (
				4BF2FAB81B4664B600AA5D28 /* Debug */,
				4BF2FAB91B4664B600AA5D28 /* Release */,
			);
			defaultConfigurationIsVisible = 0;
			defaultConfigurationName = Release;
		};
/* End XCConfigurationList section */
	};
	rootObject = 4BF2FA891B4664B500AA5D28 /* Project object */;
}
